// !$*UTF8*$!
{
	archiveVersion = 1;
	classes = {
	};
	objectVersion = 51;
	objects = {

/* Begin PBXBuildFile section */
		5C89431B7AE43D418AA273DF /* Pods_InstagramProject.framework in Frameworks */ = {isa = PBXBuildFile; fileRef = 36611E35BCBC955D86F117D8 /* Pods_InstagramProject.framework */; };
		B7669F1424111D93003F821D /* AppDelegate.swift in Sources */ = {isa = PBXBuildFile; fileRef = B7669F1324111D93003F821D /* AppDelegate.swift */; };
		B7669F1624111D93003F821D /* SceneDelegate.swift in Sources */ = {isa = PBXBuildFile; fileRef = B7669F1524111D93003F821D /* SceneDelegate.swift */; };
		B7669F1824111D93003F821D /* LoginViewController.swift in Sources */ = {isa = PBXBuildFile; fileRef = B7669F1724111D93003F821D /* LoginViewController.swift */; };
		B7669F1D24111D94003F821D /* Assets.xcassets in Resources */ = {isa = PBXBuildFile; fileRef = B7669F1C24111D94003F821D /* Assets.xcassets */; };
		B7669F2024111D94003F821D /* LaunchScreen.storyboard in Resources */ = {isa = PBXBuildFile; fileRef = B7669F1E24111D94003F821D /* LaunchScreen.storyboard */; };
		B7669F2A24111E12003F821D /* Login.storyboard in Resources */ = {isa = PBXBuildFile; fileRef = B7669F2924111E12003F821D /* Login.storyboard */; };
		B7AC45A82411885B0036F392 /* SignUpViewController.swift in Sources */ = {isa = PBXBuildFile; fileRef = B7AC45A72411885B0036F392 /* SignUpViewController.swift */; };
		B7AC45AA24118FCB0036F392 /* GoogleService-Info.plist in Resources */ = {isa = PBXBuildFile; fileRef = B7AC45A924118FCB0036F392 /* GoogleService-Info.plist */; };
		B7AC45AD241194010036F392 /* AuthenticationSession.swift in Sources */ = {isa = PBXBuildFile; fileRef = B7AC45AC241194010036F392 /* AuthenticationSession.swift */; };
		B7AC45B2241194D60036F392 /* UIViewControllerExt.swift in Sources */ = {isa = PBXBuildFile; fileRef = B7AC45B1241194D60036F392 /* UIViewControllerExt.swift */; };
/* End PBXBuildFile section */

/* Begin PBXFileReference section */
		36611E35BCBC955D86F117D8 /* Pods_InstagramProject.framework */ = {isa = PBXFileReference; explicitFileType = wrapper.framework; includeInIndex = 0; path = Pods_InstagramProject.framework; sourceTree = BUILT_PRODUCTS_DIR; };
		ABA55A9054A339836C6AE67C /* Pods-InstagramProject.release.xcconfig */ = {isa = PBXFileReference; includeInIndex = 1; lastKnownFileType = text.xcconfig; name = "Pods-InstagramProject.release.xcconfig"; path = "Target Support Files/Pods-InstagramProject/Pods-InstagramProject.release.xcconfig"; sourceTree = "<group>"; };
		B7669F1024111D93003F821D /* InstagramProject.app */ = {isa = PBXFileReference; explicitFileType = wrapper.application; includeInIndex = 0; path = InstagramProject.app; sourceTree = BUILT_PRODUCTS_DIR; };
		B7669F1324111D93003F821D /* AppDelegate.swift */ = {isa = PBXFileReference; lastKnownFileType = sourcecode.swift; path = AppDelegate.swift; sourceTree = "<group>"; };
		B7669F1524111D93003F821D /* SceneDelegate.swift */ = {isa = PBXFileReference; lastKnownFileType = sourcecode.swift; path = SceneDelegate.swift; sourceTree = "<group>"; };
		B7669F1724111D93003F821D /* LoginViewController.swift */ = {isa = PBXFileReference; lastKnownFileType = sourcecode.swift; path = LoginViewController.swift; sourceTree = "<group>"; };
		B7669F1C24111D94003F821D /* Assets.xcassets */ = {isa = PBXFileReference; lastKnownFileType = folder.assetcatalog; path = Assets.xcassets; sourceTree = "<group>"; };
		B7669F1F24111D94003F821D /* Base */ = {isa = PBXFileReference; lastKnownFileType = file.storyboard; name = Base; path = Base.lproj/LaunchScreen.storyboard; sourceTree = "<group>"; };
		B7669F2124111D94003F821D /* Info.plist */ = {isa = PBXFileReference; lastKnownFileType = text.plist.xml; path = Info.plist; sourceTree = "<group>"; };
		B7669F2924111E12003F821D /* Login.storyboard */ = {isa = PBXFileReference; lastKnownFileType = file.storyboard; path = Login.storyboard; sourceTree = "<group>"; };
		B7AC45A72411885B0036F392 /* SignUpViewController.swift */ = {isa = PBXFileReference; lastKnownFileType = sourcecode.swift; path = SignUpViewController.swift; sourceTree = "<group>"; };
		B7AC45A924118FCB0036F392 /* GoogleService-Info.plist */ = {isa = PBXFileReference; fileEncoding = 4; lastKnownFileType = text.plist.xml; path = "GoogleService-Info.plist"; sourceTree = "<group>"; };
		B7AC45AC241194010036F392 /* AuthenticationSession.swift */ = {isa = PBXFileReference; lastKnownFileType = sourcecode.swift; path = AuthenticationSession.swift; sourceTree = "<group>"; };
		B7AC45B1241194D60036F392 /* UIViewControllerExt.swift */ = {isa = PBXFileReference; lastKnownFileType = sourcecode.swift; path = UIViewControllerExt.swift; sourceTree = "<group>"; };
		DB955C8315EDED66F6E92535 /* Pods-InstagramProject.debug.xcconfig */ = {isa = PBXFileReference; includeInIndex = 1; lastKnownFileType = text.xcconfig; name = "Pods-InstagramProject.debug.xcconfig"; path = "Target Support Files/Pods-InstagramProject/Pods-InstagramProject.debug.xcconfig"; sourceTree = "<group>"; };
/* End PBXFileReference section */

/* Begin PBXFrameworksBuildPhase section */
		B7669F0D24111D93003F821D /* Frameworks */ = {
			isa = PBXFrameworksBuildPhase;
			buildActionMask = 2147483647;
			files = (
				5C89431B7AE43D418AA273DF /* Pods_InstagramProject.framework in Frameworks */,
			);
			runOnlyForDeploymentPostprocessing = 0;
		};
/* End PBXFrameworksBuildPhase section */

/* Begin PBXGroup section */
		95017CA5CD38933A7DD238E1 /* Frameworks */ = {
			isa = PBXGroup;
			children = (
				36611E35BCBC955D86F117D8 /* Pods_InstagramProject.framework */,
			);
			name = Frameworks;
			sourceTree = "<group>";
		};
		A7A9A2E47D8C922A90F4FBE6 /* Pods */ = {
			isa = PBXGroup;
			children = (
				DB955C8315EDED66F6E92535 /* Pods-InstagramProject.debug.xcconfig */,
				ABA55A9054A339836C6AE67C /* Pods-InstagramProject.release.xcconfig */,
			);
			path = Pods;
			sourceTree = "<group>";
		};
		B7669F0724111D93003F821D = {
			isa = PBXGroup;
			children = (
				B7669F1224111D93003F821D /* InstagramProject */,
				B7669F1124111D93003F821D /* Products */,
				A7A9A2E47D8C922A90F4FBE6 /* Pods */,
				95017CA5CD38933A7DD238E1 /* Frameworks */,
			);
			sourceTree = "<group>";
		};
		B7669F1124111D93003F821D /* Products */ = {
			isa = PBXGroup;
			children = (
				B7669F1024111D93003F821D /* InstagramProject.app */,
			);
			name = Products;
			sourceTree = "<group>";
		};
		B7669F1224111D93003F821D /* InstagramProject */ = {
			isa = PBXGroup;
			children = (
				B7AC45B0241194C00036F392 /* Extensions */,
				B7AC45AB241193CC0036F392 /* FirebaseServices  */,
				B7669F2C24111E2C003F821D /* Views */,
				B7669F2B24111E1E003F821D /* Controllers */,
				B7669F2824111DFE003F821D /* Storyboards */,
				B7669F2724111DDB003F821D /* Supporting files */,
				B7669F2124111D94003F821D /* Info.plist */,
				B7AC45A924118FCB0036F392 /* GoogleService-Info.plist */,
			);
			path = InstagramProject;
			sourceTree = "<group>";
		};
		B7669F2724111DDB003F821D /* Supporting files */ = {
			isa = PBXGroup;
			children = (
				B7669F1C24111D94003F821D /* Assets.xcassets */,
				B7669F1324111D93003F821D /* AppDelegate.swift */,
				B7669F1524111D93003F821D /* SceneDelegate.swift */,
			);
			path = "Supporting files";
			sourceTree = "<group>";
		};
		B7669F2824111DFE003F821D /* Storyboards */ = {
			isa = PBXGroup;
			children = (
				B7669F1E24111D94003F821D /* LaunchScreen.storyboard */,
				B7669F2924111E12003F821D /* Login.storyboard */,
			);
			path = Storyboards;
			sourceTree = "<group>";
		};
		B7669F2B24111E1E003F821D /* Controllers */ = {
			isa = PBXGroup;
			children = (
				B7669F1724111D93003F821D /* LoginViewController.swift */,
				B7AC45A72411885B0036F392 /* SignUpViewController.swift */,
			);
			path = Controllers;
			sourceTree = "<group>";
		};
		B7669F2C24111E2C003F821D /* Views */ = {
			isa = PBXGroup;
			children = (
			);
			path = Views;
			sourceTree = "<group>";
		};
		B7AC45AB241193CC0036F392 /* FirebaseServices  */ = {
			isa = PBXGroup;
			children = (
				B7AC45AC241194010036F392 /* AuthenticationSession.swift */,
			);
			path = "FirebaseServices ";
			sourceTree = "<group>";
		};
		B7AC45B0241194C00036F392 /* Extensions */ = {
			isa = PBXGroup;
			children = (
				B7AC45B1241194D60036F392 /* UIViewControllerExt.swift */,
			);
			path = Extensions;
			sourceTree = "<group>";
		};
/* End PBXGroup section */

/* Begin PBXNativeTarget section */
		B7669F0F24111D93003F821D /* InstagramProject */ = {
			isa = PBXNativeTarget;
			buildConfigurationList = B7669F2424111D94003F821D /* Build configuration list for PBXNativeTarget "InstagramProject" */;
			buildPhases = (
				6AED32B00FCA51004CA00159 /* [CP] Check Pods Manifest.lock */,
				B7669F0C24111D93003F821D /* Sources */,
				B7669F0D24111D93003F821D /* Frameworks */,
				B7669F0E24111D93003F821D /* Resources */,
				B832DEC0821B434FD0CF7AC5 /* [CP] Embed Pods Frameworks */,
			);
			buildRules = (
			);
			dependencies = (
			);
			name = InstagramProject;
			productName = InstagramProject;
			productReference = B7669F1024111D93003F821D /* InstagramProject.app */;
			productType = "com.apple.product-type.application";
		};
/* End PBXNativeTarget section */

/* Begin PBXProject section */
		B7669F0824111D93003F821D /* Project object */ = {
			isa = PBXProject;
			attributes = {
				LastSwiftUpdateCheck = 1120;
				LastUpgradeCheck = 1120;
				ORGANIZATIONNAME = "Amy Alsaydi";
				TargetAttributes = {
					B7669F0F24111D93003F821D = {
						CreatedOnToolsVersion = 11.2;
					};
				};
			};
			buildConfigurationList = B7669F0B24111D93003F821D /* Build configuration list for PBXProject "InstagramProject" */;
			compatibilityVersion = "Xcode 9.3";
			developmentRegion = en;
			hasScannedForEncodings = 0;
			knownRegions = (
				en,
				Base,
			);
			mainGroup = B7669F0724111D93003F821D;
			productRefGroup = B7669F1124111D93003F821D /* Products */;
			projectDirPath = "";
			projectRoot = "";
			targets = (
				B7669F0F24111D93003F821D /* InstagramProject */,
			);
		};
/* End PBXProject section */

/* Begin PBXResourcesBuildPhase section */
		B7669F0E24111D93003F821D /* Resources */ = {
			isa = PBXResourcesBuildPhase;
			buildActionMask = 2147483647;
			files = (
				B7669F2024111D94003F821D /* LaunchScreen.storyboard in Resources */,
				B7AC45AA24118FCB0036F392 /* GoogleService-Info.plist in Resources */,
				B7669F1D24111D94003F821D /* Assets.xcassets in Resources */,
				B7669F2A24111E12003F821D /* Login.storyboard in Resources */,
			);
			runOnlyForDeploymentPostprocessing = 0;
		};
/* End PBXResourcesBuildPhase section */

/* Begin PBXShellScriptBuildPhase section */
		6AED32B00FCA51004CA00159 /* [CP] Check Pods Manifest.lock */ = {
			isa = PBXShellScriptBuildPhase;
			buildActionMask = 2147483647;
			files = (
			);
			inputFileListPaths = (
			);
			inputPaths = (
				"${PODS_PODFILE_DIR_PATH}/Podfile.lock",
				"${PODS_ROOT}/Manifest.lock",
			);
			name = "[CP] Check Pods Manifest.lock";
			outputFileListPaths = (
			);
			outputPaths = (
				"$(DERIVED_FILE_DIR)/Pods-InstagramProject-checkManifestLockResult.txt",
			);
			runOnlyForDeploymentPostprocessing = 0;
			shellPath = /bin/sh;
			shellScript = "diff \"${PODS_PODFILE_DIR_PATH}/Podfile.lock\" \"${PODS_ROOT}/Manifest.lock\" > /dev/null\nif [ $? != 0 ] ; then\n    # print error to STDERR\n    echo \"error: The sandbox is not in sync with the Podfile.lock. Run 'pod install' or update your CocoaPods installation.\" >&2\n    exit 1\nfi\n# This output is used by Xcode 'outputs' to avoid re-running this script phase.\necho \"SUCCESS\" > \"${SCRIPT_OUTPUT_FILE_0}\"\n";
			showEnvVarsInLog = 0;
		};
		B832DEC0821B434FD0CF7AC5 /* [CP] Embed Pods Frameworks */ = {
			isa = PBXShellScriptBuildPhase;
			buildActionMask = 2147483647;
			files = (
			);
			inputFileListPaths = (
				"${PODS_ROOT}/Target Support Files/Pods-InstagramProject/Pods-InstagramProject-frameworks-${CONFIGURATION}-input-files.xcfilelist",
			);
			name = "[CP] Embed Pods Frameworks";
			outputFileListPaths = (
				"${PODS_ROOT}/Target Support Files/Pods-InstagramProject/Pods-InstagramProject-frameworks-${CONFIGURATION}-output-files.xcfilelist",
			);
			runOnlyForDeploymentPostprocessing = 0;
			shellPath = /bin/sh;
			shellScript = "\"${PODS_ROOT}/Target Support Files/Pods-InstagramProject/Pods-InstagramProject-frameworks.sh\"\n";
			showEnvVarsInLog = 0;
		};
/* End PBXShellScriptBuildPhase section */

/* Begin PBXSourcesBuildPhase section */
		B7669F0C24111D93003F821D /* Sources */ = {
			isa = PBXSourcesBuildPhase;
			buildActionMask = 2147483647;
			files = (
				B7669F1824111D93003F821D /* LoginViewController.swift in Sources */,
				B7669F1424111D93003F821D /* AppDelegate.swift in Sources */,
				B7AC45B2241194D60036F392 /* UIViewControllerExt.swift in Sources */,
				B7AC45A82411885B0036F392 /* SignUpViewController.swift in Sources */,
				B7AC45AD241194010036F392 /* AuthenticationSession.swift in Sources */,
				B7669F1624111D93003F821D /* SceneDelegate.swift in Sources */,
			);
			runOnlyForDeploymentPostprocessing = 0;
		};
/* End PBXSourcesBuildPhase section */

/* Begin PBXVariantGroup section */
		B7669F1E24111D94003F821D /* LaunchScreen.storyboard */ = {
			isa = PBXVariantGroup;
			children = (
				B7669F1F24111D94003F821D /* Base */,
			);
			name = LaunchScreen.storyboard;
			sourceTree = "<group>";
		};
/* End PBXVariantGroup section */

/* Begin XCBuildConfiguration section */
		B7669F2224111D94003F821D /* Debug */ = {
			isa = XCBuildConfiguration;
			buildSettings = {
				ALWAYS_SEARCH_USER_PATHS = NO;
				CLANG_ANALYZER_NONNULL = YES;
				CLANG_ANALYZER_NUMBER_OBJECT_CONVERSION = YES_AGGRESSIVE;
				CLANG_CXX_LANGUAGE_STANDARD = "gnu++14";
				CLANG_CXX_LIBRARY = "libc++";
				CLANG_ENABLE_MODULES = YES;
				CLANG_ENABLE_OBJC_ARC = YES;
				CLANG_ENABLE_OBJC_WEAK = YES;
				CLANG_WARN_BLOCK_CAPTURE_AUTORELEASING = YES;
				CLANG_WARN_BOOL_CONVERSION = YES;
				CLANG_WARN_COMMA = YES;
				CLANG_WARN_CONSTANT_CONVERSION = YES;
				CLANG_WARN_DEPRECATED_OBJC_IMPLEMENTATIONS = YES;
				CLANG_WARN_DIRECT_OBJC_ISA_USAGE = YES_ERROR;
				CLANG_WARN_DOCUMENTATION_COMMENTS = YES;
				CLANG_WARN_EMPTY_BODY = YES;
				CLANG_WARN_ENUM_CONVERSION = YES;
				CLANG_WARN_INFINITE_RECURSION = YES;
				CLANG_WARN_INT_CONVERSION = YES;
				CLANG_WARN_NON_LITERAL_NULL_CONVERSION = YES;
				CLANG_WARN_OBJC_IMPLICIT_RETAIN_SELF = YES;
				CLANG_WARN_OBJC_LITERAL_CONVERSION = YES;
				CLANG_WARN_OBJC_ROOT_CLASS = YES_ERROR;
				CLANG_WARN_RANGE_LOOP_ANALYSIS = YES;
				CLANG_WARN_STRICT_PROTOTYPES = YES;
				CLANG_WARN_SUSPICIOUS_MOVE = YES;
				CLANG_WARN_UNGUARDED_AVAILABILITY = YES_AGGRESSIVE;
				CLANG_WARN_UNREACHABLE_CODE = YES;
				CLANG_WARN__DUPLICATE_METHOD_MATCH = YES;
				COPY_PHASE_STRIP = NO;
				DEBUG_INFORMATION_FORMAT = dwarf;
				ENABLE_STRICT_OBJC_MSGSEND = YES;
				ENABLE_TESTABILITY = YES;
				GCC_C_LANGUAGE_STANDARD = gnu11;
				GCC_DYNAMIC_NO_PIC = NO;
				GCC_NO_COMMON_BLOCKS = YES;
				GCC_OPTIMIZATION_LEVEL = 0;
				GCC_PREPROCESSOR_DEFINITIONS = (
					"DEBUG=1",
					"$(inherited)",
				);
				GCC_WARN_64_TO_32_BIT_CONVERSION = YES;
				GCC_WARN_ABOUT_RETURN_TYPE = YES_ERROR;
				GCC_WARN_UNDECLARED_SELECTOR = YES;
				GCC_WARN_UNINITIALIZED_AUTOS = YES_AGGRESSIVE;
				GCC_WARN_UNUSED_FUNCTION = YES;
				GCC_WARN_UNUSED_VARIABLE = YES;
				IPHONEOS_DEPLOYMENT_TARGET = 13.2;
				MTL_ENABLE_DEBUG_INFO = INCLUDE_SOURCE;
				MTL_FAST_MATH = YES;
				ONLY_ACTIVE_ARCH = YES;
				SDKROOT = iphoneos;
				SWIFT_ACTIVE_COMPILATION_CONDITIONS = DEBUG;
				SWIFT_OPTIMIZATION_LEVEL = "-Onone";
			};
			name = Debug;
		};
		B7669F2324111D94003F821D /* Release */ = {
			isa = XCBuildConfiguration;
			buildSettings = {
				ALWAYS_SEARCH_USER_PATHS = NO;
				CLANG_ANALYZER_NONNULL = YES;
				CLANG_ANALYZER_NUMBER_OBJECT_CONVERSION = YES_AGGRESSIVE;
				CLANG_CXX_LANGUAGE_STANDARD = "gnu++14";
				CLANG_CXX_LIBRARY = "libc++";
				CLANG_ENABLE_MODULES = YES;
				CLANG_ENABLE_OBJC_ARC = YES;
				CLANG_ENABLE_OBJC_WEAK = YES;
				CLANG_WARN_BLOCK_CAPTURE_AUTORELEASING = YES;
				CLANG_WARN_BOOL_CONVERSION = YES;
				CLANG_WARN_COMMA = YES;
				CLANG_WARN_CONSTANT_CONVERSION = YES;
				CLANG_WARN_DEPRECATED_OBJC_IMPLEMENTATIONS = YES;
				CLANG_WARN_DIRECT_OBJC_ISA_USAGE = YES_ERROR;
				CLANG_WARN_DOCUMENTATION_COMMENTS = YES;
				CLANG_WARN_EMPTY_BODY = YES;
				CLANG_WARN_ENUM_CONVERSION = YES;
				CLANG_WARN_INFINITE_RECURSION = YES;
				CLANG_WARN_INT_CONVERSION = YES;
				CLANG_WARN_NON_LITERAL_NULL_CONVERSION = YES;
				CLANG_WARN_OBJC_IMPLICIT_RETAIN_SELF = YES;
				CLANG_WARN_OBJC_LITERAL_CONVERSION = YES;
				CLANG_WARN_OBJC_ROOT_CLASS = YES_ERROR;
				CLANG_WARN_RANGE_LOOP_ANALYSIS = YES;
				CLANG_WARN_STRICT_PROTOTYPES = YES;
				CLANG_WARN_SUSPICIOUS_MOVE = YES;
				CLANG_WARN_UNGUARDED_AVAILABILITY = YES_AGGRESSIVE;
				CLANG_WARN_UNREACHABLE_CODE = YES;
				CLANG_WARN__DUPLICATE_METHOD_MATCH = YES;
				COPY_PHASE_STRIP = NO;
				DEBUG_INFORMATION_FORMAT = "dwarf-with-dsym";
				ENABLE_NS_ASSERTIONS = NO;
				ENABLE_STRICT_OBJC_MSGSEND = YES;
				GCC_C_LANGUAGE_STANDARD = gnu11;
				GCC_NO_COMMON_BLOCKS = YES;
				GCC_WARN_64_TO_32_BIT_CONVERSION = YES;
				GCC_WARN_ABOUT_RETURN_TYPE = YES_ERROR;
				GCC_WARN_UNDECLARED_SELECTOR = YES;
				GCC_WARN_UNINITIALIZED_AUTOS = YES_AGGRESSIVE;
				GCC_WARN_UNUSED_FUNCTION = YES;
				GCC_WARN_UNUSED_VARIABLE = YES;
				IPHONEOS_DEPLOYMENT_TARGET = 13.2;
				MTL_ENABLE_DEBUG_INFO = NO;
				MTL_FAST_MATH = YES;
				SDKROOT = iphoneos;
				SWIFT_COMPILATION_MODE = wholemodule;
				SWIFT_OPTIMIZATION_LEVEL = "-O";
				VALIDATE_PRODUCT = YES;
			};
			name = Release;
		};
		B7669F2524111D94003F821D /* Debug */ = {
			isa = XCBuildConfiguration;
			baseConfigurationReference = DB955C8315EDED66F6E92535 /* Pods-InstagramProject.debug.xcconfig */;
			buildSettings = {
				ASSETCATALOG_COMPILER_APPICON_NAME = AppIcon;
				CODE_SIGN_STYLE = Automatic;
				DEVELOPMENT_TEAM = WDT827LK75;
				INFOPLIST_FILE = InstagramProject/Info.plist;
				LD_RUNPATH_SEARCH_PATHS = (
					"$(inherited)",
					"@executable_path/Frameworks",
				);
				PRODUCT_BUNDLE_IDENTIFIER = com.Amy.InstagramProject;
				PRODUCT_NAME = "$(TARGET_NAME)";
				SWIFT_VERSION = 5.0;
				TARGETED_DEVICE_FAMILY = "1,2";
			};
			name = Debug;
		};
		B7669F2624111D94003F821D /* Release */ = {
			isa = XCBuildConfiguration;
			baseConfigurationReference = ABA55A9054A339836C6AE67C /* Pods-InstagramProject.release.xcconfig */;
			buildSettings = {
				ASSETCATALOG_COMPILER_APPICON_NAME = AppIcon;
				CODE_SIGN_STYLE = Automatic;
				DEVELOPMENT_TEAM = WDT827LK75;
				INFOPLIST_FILE = InstagramProject/Info.plist;
				LD_RUNPATH_SEARCH_PATHS = (
					"$(inherited)",
					"@executable_path/Frameworks",
				);
				PRODUCT_BUNDLE_IDENTIFIER = com.Amy.InstagramProject;
				PRODUCT_NAME = "$(TARGET_NAME)";
				SWIFT_VERSION = 5.0;
				TARGETED_DEVICE_FAMILY = "1,2";
			};
			name = Release;
		};
/* End XCBuildConfiguration section */

/* Begin XCConfigurationList section */
		B7669F0B24111D93003F821D /* Build configuration list for PBXProject "InstagramProject" */ = {
			isa = XCConfigurationList;
			buildConfigurations = (
				B7669F2224111D94003F821D /* Debug */,
				B7669F2324111D94003F821D /* Release */,
			);
			defaultConfigurationIsVisible = 0;
			defaultConfigurationName = Release;
		};
		B7669F2424111D94003F821D /* Build configuration list for PBXNativeTarget "InstagramProject" */ = {
			isa = XCConfigurationList;
			buildConfigurations = (
				B7669F2524111D94003F821D /* Debug */,
				B7669F2624111D94003F821D /* Release */,
			);
			defaultConfigurationIsVisible = 0;
			defaultConfigurationName = Release;
		};
/* End XCConfigurationList section */
	};
	rootObject = B7669F0824111D93003F821D /* Project object */;
}
